PODS:
  - HexColors (6.0.0)
  - PPTopMostController (0.0.1)
  - TBMessage (0.0.5):
    - HexColors
    - PPTopMostController

DEPENDENCIES:
  - TBMessage (from `https://github.com/FJust/TBMessage.git`)

SPEC REPOS:
  https://github.com/CocoaPods/Specs.git:
    - HexColors
    - PPTopMostController

EXTERNAL SOURCES:
  TBMessage:
    :git: https://github.com/FJust/TBMessage.git

CHECKOUT OPTIONS:
  TBMessage:
    :commit: d304c10c938f817e2be662020ff4827aff7c1350
    :git: https://github.com/FJust/TBMessage.git

SPEC CHECKSUMS:
  HexColors: f8c66339541a74bb08905bfe7cd4f8cc85e9e173
  PPTopMostController: 4e6f1e5f8c645bdcc74cd837a20f607ff262c048
  TBMessage: 48fb1987758db690e0d018b6333da21053b79b31

PODFILE CHECKSUM: 869ef4a4731c5ccc48dfbb56d285518670727373

COCOAPODS: 1.5.0
